
Microsoft Visual Studio Solution File, Format Version 12.00
# Visual Studio Version 16
VisualStudioVersion = 16.0.29411.108
MinimumVisualStudioVersion = 10.0.40219.1
Project("{FAE04EC0-301F-11D3-BF4B-00C04F79EFBC}") = "IcelandWahidin.Android", "IcelandWahidin\IcelandWahidin.Android\IcelandWahidin.Android.csproj", "{E9884DFA-9152-4AC8-8916-707519199C2C}"
EndProject
Project("{FAE04EC0-301F-11D3-BF4B-00C04F79EFBC}") = "IcelandWahidin.iOS", "IcelandWahidin\IcelandWahidin.iOS\IcelandWahidin.iOS.csproj", "{32B8A75E-311E-43BE-B692-C0FCB0A1830D}"
EndProject
Project("{9A19103F-16F7-4668-BE54-9A1E7A4F7556}") = "IcelandWahidin", "IcelandWahidin\IcelandWahidin\IcelandWahidin.csproj", "{F81FC406-1363-4CCA-880F-7D90C09E8ADC}"
EndProject
Global
	GlobalSection(SolutionConfigurationPlatforms) = preSolution
		Debug|Any CPU = Debug|Any CPU
		Debug|iPhone = Debug|iPhone
		Debug|iPhoneSimulator = Debug|iPhoneSimulator
		Release|Any CPU = Release|Any CPU
		Release|iPhone = Release|iPhone
		Release|iPhoneSimulator = Release|iPhoneSimulator
	EndGlobalSection
	GlobalSection(ProjectConfigurationPlatforms) = postSolution
		{E9884DFA-9152-4AC8-8916-707519199C2C}.Debug|Any CPU.ActiveCfg = Debug|Any CPU
		{E9884DFA-9152-4AC8-8916-707519199C2C}.Debug|Any CPU.Build.0 = Debug|Any CPU
		{E9884DFA-9152-4AC8-8916-707519199C2C}.Debug|Any CPU.Deploy.0 = Debug|Any CPU
		{E9884DFA-9152-4AC8-8916-707519199C2C}.Debug|iPhone.ActiveCfg = Debug|Any CPU
		{E9884DFA-9152-4AC8-8916-707519199C2C}.Debug|iPhone.Build.0 = Debug|Any CPU
		{E9884DFA-9152-4AC8-8916-707519199C2C}.Debug|iPhone.Deploy.0 = Debug|Any CPU
		{E9884DFA-9152-4AC8-8916-707519199C2C}.Debug|iPhoneSimulator.ActiveCfg = Debug|Any CPU
		{E9884DFA-9152-4AC8-8916-707519199C2C}.Debug|iPhoneSimulator.Build.0 = Debug|Any CPU
		{E9884DFA-9152-4AC8-8916-707519199C2C}.Debug|iPhoneSimulator.Deploy.0 = Debug|Any CPU
		{E9884DFA-9152-4AC8-8916-707519199C2C}.Release|Any CPU.ActiveCfg = Release|Any CPU
		{E9884DFA-9152-4AC8-8916-707519199C2C}.Release|Any CPU.Build.0 = Release|Any CPU
		{E9884DFA-9152-4AC8-8916-707519199C2C}.Release|Any CPU.Deploy.0 = Release|Any CPU
		{E9884DFA-9152-4AC8-8916-707519199C2C}.Release|iPhone.ActiveCfg = Release|Any CPU
		{E9884DFA-9152-4AC8-8916-707519199C2C}.Release|iPhone.Build.0 = Release|Any CPU
		{E9884DFA-9152-4AC8-8916-707519199C2C}.Release|iPhone.Deploy.0 = Release|Any CPU
		{E9884DFA-9152-4AC8-8916-707519199C2C}.Release|iPhoneSimulator.ActiveCfg = Release|Any CPU
		{E9884DFA-9152-4AC8-8916-707519199C2C}.Release|iPhoneSimulator.Build.0 = Release|Any CPU
		{E9884DFA-9152-4AC8-8916-707519199C2C}.Release|iPhoneSimulator.Deploy.0 = Release|Any CPU
		{32B8A75E-311E-43BE-B692-C0FCB0A1830D}.Debug|Any CPU.ActiveCfg = Debug|iPhoneSimulator
		{32B8A75E-311E-43BE-B692-C0FCB0A1830D}.Debug|Any CPU.Build.0 = Debug|iPhoneSimulator
		{32B8A75E-311E-43BE-B692-C0FCB0A1830D}.Debug|Any CPU.Deploy.0 = Debug|iPhoneSimulator
		{32B8A75E-311E-43BE-B692-C0FCB0A1830D}.Debug|iPhone.ActiveCfg = Debug|iPhone
		{32B8A75E-311E-43BE-B692-C0FCB0A1830D}.Debug|iPhone.Build.0 = Debug|iPhone
		{32B8A75E-311E-43BE-B692-C0FCB0A1830D}.Debug|iPhone.Deploy.0 = Debug|iPhone
		{32B8A75E-311E-43BE-B692-C0FCB0A1830D}.Debug|iPhoneSimulator.ActiveCfg = Debug|iPhoneSimulator
		{32B8A75E-311E-43BE-B692-C0FCB0A1830D}.Debug|iPhoneSimulator.Build.0 = Debug|iPhoneSimulator
		{32B8A75E-311E-43BE-B692-C0FCB0A1830D}.Debug|iPhoneSimulator.Deploy.0 = Debug|iPhoneSimulator
		{32B8A75E-311E-43BE-B692-C0FCB0A1830D}.Release|Any CPU.ActiveCfg = Release|iPhone
		{32B8A75E-311E-43BE-B692-C0FCB0A1830D}.Release|Any CPU.Build.0 = Release|iPhone
		{32B8A75E-311E-43BE-B692-C0FCB0A1830D}.Release|Any CPU.Deploy.0 = Release|iPhone
		{32B8A75E-311E-43BE-B692-C0FCB0A1830D}.Release|iPhone.ActiveCfg = Release|iPhone
		{32B8A75E-311E-43BE-B692-C0FCB0A1830D}.Release|iPhone.Build.0 = Release|iPhone
		{32B8A75E-311E-43BE-B692-C0FCB0A1830D}.Release|iPhone.Deploy.0 = Release|iPhone
		{32B8A75E-311E-43BE-B692-C0FCB0A1830D}.Release|iPhoneSimulator.ActiveCfg = Release|iPhoneSimulator
		{32B8A75E-311E-43BE-B692-C0FCB0A1830D}.Release|iPhoneSimulator.Build.0 = Release|iPhoneSimulator
		{32B8A75E-311E-43BE-B692-C0FCB0A1830D}.Release|iPhoneSimulator.Deploy.0 = Release|iPhoneSimulator
		{F81FC406-1363-4CCA-880F-7D90C09E8ADC}.Debug|Any CPU.ActiveCfg = Debug|Any CPU
		{F81FC406-1363-4CCA-880F-7D90C09E8ADC}.Debug|Any CPU.Build.0 = Debug|Any CPU
		{F81FC406-1363-4CCA-880F-7D90C09E8ADC}.Debug|Any CPU.Deploy.0 = Debug|Any CPU
		{F81FC406-1363-4CCA-880F-7D90C09E8ADC}.Debug|iPhone.ActiveCfg = Debug|Any CPU
		{F81FC406-1363-4CCA-880F-7D90C09E8ADC}.Debug|iPhone.Build.0 = Debug|Any CPU
		{F81FC406-1363-4CCA-880F-7D90C09E8ADC}.Debug|iPhone.Deploy.0 = Debug|Any CPU
		{F81FC406-1363-4CCA-880F-7D90C09E8ADC}.Debug|iPhoneSimulator.ActiveCfg = Debug|Any CPU
		{F81FC406-1363-4CCA-880F-7D90C09E8ADC}.Debug|iPhoneSimulator.Build.0 = Debug|Any CPU
		{F81FC406-1363-4CCA-880F-7D90C09E8ADC}.Debug|iPhoneSimulator.Deploy.0 = Debug|Any CPU
		{F81FC406-1363-4CCA-880F-7D90C09E8ADC}.Release|Any CPU.ActiveCfg = Release|Any CPU
		{F81FC406-1363-4CCA-880F-7D90C09E8ADC}.Release|Any CPU.Build.0 = Release|Any CPU
		{F81FC406-1363-4CCA-880F-7D90C09E8ADC}.Release|Any CPU.Deploy.0 = Release|Any CPU
		{F81FC406-1363-4CCA-880F-7D90C09E8ADC}.Release|iPhone.ActiveCfg = Release|Any CPU
		{F81FC406-1363-4CCA-880F-7D90C09E8ADC}.Release|iPhone.Build.0 = Release|Any CPU
		{F81FC406-1363-4CCA-880F-7D90C09E8ADC}.Release|iPhone.Deploy.0 = Release|Any CPU
		{F81FC406-1363-4CCA-880F-7D90C09E8ADC}.Release|iPhoneSimulator.ActiveCfg = Release|Any CPU
		{F81FC406-1363-4CCA-880F-7D90C09E8ADC}.Release|iPhoneSimulator.Build.0 = Release|Any CPU
		{F81FC406-1363-4CCA-880F-7D90C09E8ADC}.Release|iPhoneSimulator.Deploy.0 = Release|Any CPU
	EndGlobalSection
	GlobalSection(SolutionProperties) = preSolution
		HideSolutionNode = FALSE
	EndGlobalSection
	GlobalSection(ExtensibilityGlobals) = postSolution
		SolutionGuid = {60271259-24C5-4F6A-868E-55F61A8B8D65}
	EndGlobalSection
EndGlobal
